
Microsoft Visual Studio Solution File, Format Version 12.00
# Visual Studio Version 16
VisualStudioVersion = 16.0.30204.135
MinimumVisualStudioVersion = 10.0.40219.1
Project("{FAE04EC0-301F-11D3-BF4B-00C04F79EFBC}") = "Kolokwium2_poprawkowy", "Kolokwium2_poprawkowy\Kolokwium2_poprawkowy.csproj", "{22280DD2-460E-4105-9908-A381E23D2BBC}"
EndProject
Global
	GlobalSection(SolutionConfigurationPlatforms) = preSolution
		Debug|Any CPU = Debug|Any CPU
		Release|Any CPU = Release|Any CPU
	EndGlobalSection
	GlobalSection(ProjectConfigurationPlatforms) = postSolution
		{22280DD2-460E-4105-9908-A381E23D2BBC}.Debug|Any CPU.ActiveCfg = Debug|Any CPU
		{22280DD2-460E-4105-9908-A381E23D2BBC}.Debug|Any CPU.Build.0 = Debug|Any CPU
		{22280DD2-460E-4105-9908-A381E23D2BBC}.Release|Any CPU.ActiveCfg = Release|Any CPU
		{22280DD2-460E-4105-9908-A381E23D2BBC}.Release|Any CPU.Build.0 = Release|Any CPU
	EndGlobalSection
	GlobalSection(SolutionProperties) = preSolution
		HideSolutionNode = FALSE
	EndGlobalSection
	GlobalSection(ExtensibilityGlobals) = postSolution
		SolutionGuid = {F568BEFB-BA1B-4E24-A6B8-225D67374D54}
	EndGlobalSection
EndGlobal
